
Microsoft Visual Studio Solution File, Format Version 12.00
Project("{FAE04EC0-301F-11D3-BF4B-00C04F79EFBC}") = "CHIP-8-SDL", "CHIP-8-SDL\CHIP-8-SDL.csproj", "{33266478-2C87-4BA8-B7B7-48A6722C7995}"
EndProject
Global
	GlobalSection(SolutionConfigurationPlatforms) = preSolution
		Debug|Any CPU = Debug|Any CPU
		Release|Any CPU = Release|Any CPU
	EndGlobalSection
	GlobalSection(ProjectConfigurationPlatforms) = postSolution
		{33266478-2C87-4BA8-B7B7-48A6722C7995}.Debug|Any CPU.ActiveCfg = Debug|Any CPU
		{33266478-2C87-4BA8-B7B7-48A6722C7995}.Debug|Any CPU.Build.0 = Debug|Any CPU
		{33266478-2C87-4BA8-B7B7-48A6722C7995}.Release|Any CPU.ActiveCfg = Release|Any CPU
		{33266478-2C87-4BA8-B7B7-48A6722C7995}.Release|Any CPU.Build.0 = Release|Any CPU
	EndGlobalSection
EndGlobal
